
Microsoft Visual Studio Solution File, Format Version 12.00
# Visual Studio 15
VisualStudioVersion = 15.0.27428.2015
MinimumVisualStudioVersion = 10.0.40219.1
Project("{9A19103F-16F7-4668-BE54-9A1E7A4F7556}") = "CryptoLabsService", "CryptoLabsService\CryptoLabsService.csproj", "{37B01CD7-A9F9-44F8-8C17-5D29E372D421}"
EndProject
Project("{9A19103F-16F7-4668-BE54-9A1E7A4F7556}") = "CryptoLabBlockCiphersClient", "CryptoLabBlockCiphersClient\CryptoLabBlockCiphersClient.csproj", "{14CE2BC2-CF82-4E53-A384-E3526B421C81}"
EndProject
Global
	GlobalSection(SolutionConfigurationPlatforms) = preSolution
		Debug|Any CPU = Debug|Any CPU
		Release|Any CPU = Release|Any CPU
	EndGlobalSection
	GlobalSection(ProjectConfigurationPlatforms) = postSolution
		{37B01CD7-A9F9-44F8-8C17-5D29E372D421}.Debug|Any CPU.ActiveCfg = Debug|Any CPU
		{37B01CD7-A9F9-44F8-8C17-5D29E372D421}.Debug|Any CPU.Build.0 = Debug|Any CPU
		{37B01CD7-A9F9-44F8-8C17-5D29E372D421}.Release|Any CPU.ActiveCfg = Release|Any CPU
		{37B01CD7-A9F9-44F8-8C17-5D29E372D421}.Release|Any CPU.Build.0 = Release|Any CPU
		{14CE2BC2-CF82-4E53-A384-E3526B421C81}.Debug|Any CPU.ActiveCfg = Debug|Any CPU
		{14CE2BC2-CF82-4E53-A384-E3526B421C81}.Debug|Any CPU.Build.0 = Debug|Any CPU
		{14CE2BC2-CF82-4E53-A384-E3526B421C81}.Release|Any CPU.ActiveCfg = Release|Any CPU
		{14CE2BC2-CF82-4E53-A384-E3526B421C81}.Release|Any CPU.Build.0 = Release|Any CPU
	EndGlobalSection
	GlobalSection(SolutionProperties) = preSolution
		HideSolutionNode = FALSE
	EndGlobalSection
	GlobalSection(ExtensibilityGlobals) = postSolution
		SolutionGuid = {7563DD70-04C9-4212-BC04-75A71BE4B563}
	EndGlobalSection
EndGlobal
